# This file is automatically @generated by Poetry 2.2.1 and should not be changed by hand.

[[package]]
name = "pe"
version = "0.6.0"
description = "Library for Parsing Expression Grammars (PEG)"
optional = false
python-versions = ">=3.9"
groups = ["main"]
files = [
    {file = "pe-0.6.0-cp310-cp310-macosx_11_0_arm64.whl", hash = "sha256:36d2058cd38c0f90bb4d4e28d87b2942fd417e7ff6a2cf29ff5a52d5f26930e1"},
    {file = "pe-0.6.0-cp310-cp310-manylinux1_x86_64.manylinux_2_28_x86_64.manylinux_2_5_x86_64.whl", hash = "sha256:1db5386bdf0d5b5d5a1f9561e331019ff88b8eb287aa7f58fee440bdcf12f6ae"},
    {file = "pe-0.6.0-cp310-cp310-musllinux_1_2_x86_64.whl", hash = "sha256:cccbc56c7a49bb52db26f49dc6abbb5c6431eda28ff8c11ca107db509f9970c3"},
    {file = "pe-0.6.0-cp310-cp310-win_amd64.whl", hash = "sha256:28b841d0a3ec0a94231d3d326c28d6cbf0eb9b4c2e89d9433cba717f1ae649ff"},
    {file = "pe-0.6.0-cp311-cp311-macosx_11_0_arm64.whl", hash = "sha256:8f5386de8727408bcdc0e61d3350d9fe47c69fb222500d04e532c001b937e17a"},
    {file = "pe-0.6.0-cp311-cp311-manylinux1_x86_64.manylinux_2_28_x86_64.manylinux_2_5_x86_64.whl", hash = "sha256:daf9241470c1e24481e925bb7af920e6ab986400ea9bb34734b0be44dd648e0e"},
    {file = "pe-0.6.0-cp311-cp311-musllinux_1_2_x86_64.whl", hash = "sha256:2e74d1d06e7d68d163ddb4576c401b1e6f4cb769bbba8f6146b340bc8bada99b"},
    {file = "pe-0.6.0-cp311-cp311-win_amd64.whl", hash = "sha256:e005ccf5421d79c991f871f58e53ba32a0fb7a82db1a0c594ebb9e629a874775"},
    {file = "pe-0.6.0-cp312-cp312-macosx_11_0_arm64.whl", hash = "sha256:85774b7a67302e8599dc10e68d68dc383a3817512c1acfa0d13656252d68a0b5"},
    {file = "pe-0.6.0-cp312-cp312-manylinux1_x86_64.manylinux_2_28_x86_64.manylinux_2_5_x86_64.whl", hash = "sha256:cc7e284c8214d96becc17bf77b3230a55d67399cbc89551443962665754968e8"},
    {file = "pe-0.6.0-cp312-cp312-musllinux_1_2_x86_64.whl", hash = "sha256:e0613ed07964c6da0a0d18155009fb3b7cd189568ec228be47dda46fb5aa7e61"},
    {file = "pe-0.6.0-cp312-cp312-win_amd64.whl", hash = "sha256:1138d94cc3eacd194351ddf6575c3070352c868f38e59407c98434af599ba130"},
    {file = "pe-0.6.0-cp313-cp313-macosx_11_0_arm64.whl", hash = "sha256:1896d9b7f1fc6bb841c7ceb6744a43a43b158c07eeb486671b3f7bd07af6e9e5"},
    {file = "pe-0.6.0-cp313-cp313-manylinux1_x86_64.manylinux_2_28_x86_64.manylinux_2_5_x86_64.whl", hash = "sha256:0da30d1567ee4fc77e2c30061f089e73226f926246e4368e6442e6802aeb0f77"},
    {file = "pe-0.6.0-cp313-cp313-musllinux_1_2_x86_64.whl", hash = "sha256:1c78e9c9a7a198b03e3142e37eeab2d032c64ff38d5fa028028b1dda2afb8f18"},
    {file = "pe-0.6.0-cp313-cp313-win_amd64.whl", hash = "sha256:cc2ab8a9399f177de4fb02d20c42b7c993a2bd14d9db310d16e331112a449974"},
    {file = "pe-0.6.0-cp39-cp39-macosx_11_0_arm64.whl", hash = "sha256:0c5d4098644ced661b3ea8dcfea0db35cf48ed1242cb014cd4346de44d466a7f"},
    {file = "pe-0.6.0-cp39-cp39-manylinux1_x86_64.manylinux_2_28_x86_64.manylinux_2_5_x86_64.whl", hash = "sha256:39dc4520aeca336aaf12287a15a4799f61b45c44f78d6c05910f0bde6856fa78"},
    {file = "pe-0.6.0-cp39-cp39-musllinux_1_2_x86_64.whl", hash = "sha256:1d410651b233fb369f38a881d8bf1d81a53d2614f31a6239b41b2c44e09b81cd"},
    {file = "pe-0.6.0-cp39-cp39-win_amd64.whl", hash = "sha256:a4c5e967b917f6848787257960334d6679e4ec19a5ae9b703a46529900c4cab0"},
    {file = "pe-0.6.0.tar.gz", hash = "sha256:dabec4ba7bd5fe2ab11a39a4343feaa453f002082918586a64b9216d550787e6"},
]

[package.extras]
dev = ["mypy", "pytest", "ruff"]

[metadata]
lock-version = "2.1"
python-versions = ">=3.14"
content-hash = "02635b35840abe01cc288dbf79d751b2ebe94cd2803d6ce6711bcf8d74f1b468"
